{
    "_readme": [
        "This file locks the dependencies of your project to a known state",
        "Read more about it at https://getcomposer.org/doc/01-basic-usage.md#installing-dependencies",
        "This file is @generated automatically"
    ],
    "content-hash": "a6096c0e81a91bfb54cd1de98dfd1f52",
    "packages": [
        {
            "name": "xiaosier/libweibo",
            "version": "dev-master",
            "source": {
                "type": "git",
                "url": "https://github.com/xiaosier/libweibo.git",
                "reference": "d85d8fdd0b44731bce4ceab747b75d20bf8a12fc"
            },
            "dist": {
                "type": "zip",
                "url": "https://api.github.com/repos/xiaosier/libweibo/zipball/d85d8fdd0b44731bce4ceab747b75d20bf8a12fc",
                "reference": "d85d8fdd0b44731bce4ceab747b75d20bf8a12fc",
                "shasum": ""
            },
            "require": {
                "php": ">=5.0.0"
            },
            "type": "library",
            "autoload": {
                "files": [
                    "saetv2.ex.class.php"
                ]
            },
            "notification-url": "https://packagist.org/downloads/",
            "license": [
                "MIT"
            ],
            "authors": [
                {
                    "name": "lazypeople",
                    "email": "hfutming@gmail.com",
                    "homepage": "http://lazy.changes.com.cn",
                    "role": "Developer"
                }
            ],
            "description": "PHP sdk for Weibo open platform",
            "homepage": "http://github.com/xiaosier/libweibo",
            "keywords": [
                "sdk",
                "weibo"
            ],
            "time": "2017-07-14T12:15:43+00:00"
        }
    ],
    "packages-dev": [],
    "aliases": [],
    "minimum-stability": "stable",
    "stability-flags": {
        "xiaosier/libweibo": 20
    },
    "prefer-stable": false,
    "prefer-lowest": false,
    "platform": [],
    "platform-dev": []
}
